// !$*UTF8*$!
{
	archiveVersion = 1;
	classes = {
	};
	objectVersion = 50;
	objects = {

/* Begin PBXBuildFile section */
		47620E3422E6D2D000B13FEF /* forward.png in Resources */ = {isa = PBXBuildFile; fileRef = 47620E3222E6D2D000B13FEF /* forward.png */; };
		47620E3522E6D2D000B13FEF /* backward.png in Resources */ = {isa = PBXBuildFile; fileRef = 47620E3322E6D2D000B13FEF /* backward.png */; };
		47A018E222E6859A0070691C /* AppDelegate.swift in Sources */ = {isa = PBXBuildFile; fileRef = 47A018E122E6859A0070691C /* AppDelegate.swift */; };
		47A018E422E6859A0070691C /* ViewController.swift in Sources */ = {isa = PBXBuildFile; fileRef = 47A018E322E6859A0070691C /* ViewController.swift */; };
		47A018E722E6859A0070691C /* Main.storyboard in Resources */ = {isa = PBXBuildFile; fileRef = 47A018E522E6859A0070691C /* Main.storyboard */; };
		47A018E922E6859C0070691C /* Assets.xcassets in Resources */ = {isa = PBXBuildFile; fileRef = 47A018E822E6859C0070691C /* Assets.xcassets */; };
		47A018EC22E6859C0070691C /* LaunchScreen.storyboard in Resources */ = {isa = PBXBuildFile; fileRef = 47A018EA22E6859C0070691C /* LaunchScreen.storyboard */; };
/* End PBXBuildFile section */

/* Begin PBXFileReference section */
		47620E3222E6D2D000B13FEF /* forward.png */ = {isa = PBXFileReference; lastKnownFileType = image.png; path = forward.png; sourceTree = SOURCE_ROOT; };
		47620E3322E6D2D000B13FEF /* backward.png */ = {isa = PBXFileReference; lastKnownFileType = image.png; path = backward.png; sourceTree = SOURCE_ROOT; };
		47A018DE22E6859A0070691C /* Easy Cryptpo Web Browser.app */ = {isa = PBXFileReference; explicitFileType = wrapper.application; includeInIndex = 0; path = "Easy Cryptpo Web Browser.app"; sourceTree = BUILT_PRODUCTS_DIR; };
		47A018E122E6859A0070691C /* AppDelegate.swift */ = {isa = PBXFileReference; lastKnownFileType = sourcecode.swift; path = AppDelegate.swift; sourceTree = "<group>"; };
		47A018E322E6859A0070691C /* ViewController.swift */ = {isa = PBXFileReference; lastKnownFileType = sourcecode.swift; path = ViewController.swift; sourceTree = "<group>"; };
		47A018E622E6859A0070691C /* Base */ = {isa = PBXFileReference; lastKnownFileType = file.storyboard; name = Base; path = Base.lproj/Main.storyboard; sourceTree = "<group>"; };
		47A018E822E6859C0070691C /* Assets.xcassets */ = {isa = PBXFileReference; lastKnownFileType = folder.assetcatalog; path = Assets.xcassets; sourceTree = "<group>"; };
		47A018EB22E6859C0070691C /* Base */ = {isa = PBXFileReference; lastKnownFileType = file.storyboard; name = Base; path = Base.lproj/LaunchScreen.storyboard; sourceTree = "<group>"; };
		47A018F322E6A88A0070691C /* Info.plist */ = {isa = PBXFileReference; fileEncoding = 4; lastKnownFileType = text.plist.xml; path = Info.plist; sourceTree = "<group>"; };
/* End PBXFileReference section */

/* Begin PBXFrameworksBuildPhase section */
		47A018DB22E6859A0070691C /* Frameworks */ = {
			isa = PBXFrameworksBuildPhase;
			buildActionMask = 2147483647;
			files = (
			);
			runOnlyForDeploymentPostprocessing = 0;
		};
/* End PBXFrameworksBuildPhase section */

/* Begin PBXGroup section */
		47A018D522E6859A0070691C = {
			isa = PBXGroup;
			children = (
				47A018E022E6859A0070691C /* Easy Crypto Web Browser */,
				47A018DF22E6859A0070691C /* Products */,
			);
			sourceTree = "<group>";
		};
		47A018DF22E6859A0070691C /* Products */ = {
			isa = PBXGroup;
			children = (
				47A018DE22E6859A0070691C /* Easy Cryptpo Web Browser.app */,
			);
			name = Products;
			sourceTree = "<group>";
		};
		47A018E022E6859A0070691C /* Easy Crypto Web Browser */ = {
			isa = PBXGroup;
			children = (
				47A018E122E6859A0070691C /* AppDelegate.swift */,
				47A018E322E6859A0070691C /* ViewController.swift */,
				47A018E522E6859A0070691C /* Main.storyboard */,
				47A018E822E6859C0070691C /* Assets.xcassets */,
				47620E3322E6D2D000B13FEF /* backward.png */,
				47620E3222E6D2D000B13FEF /* forward.png */,
				47A018EA22E6859C0070691C /* LaunchScreen.storyboard */,
				47A018F322E6A88A0070691C /* Info.plist */,
			);
			path = "Easy Crypto Web Browser";
			sourceTree = "<group>";
		};
/* End PBXGroup section */

/* Begin PBXNativeTarget section */
		47A018DD22E6859A0070691C /* Easy Cryptpo Web Browser */ = {
			isa = PBXNativeTarget;
			buildConfigurationList = 47A018F022E6859C0070691C /* Build configuration list for PBXNativeTarget "Easy Cryptpo Web Browser" */;
			buildPhases = (
				47A018DA22E6859A0070691C /* Sources */,
				47A018DB22E6859A0070691C /* Frameworks */,
				47A018DC22E6859A0070691C /* Resources */,
			);
			buildRules = (
			);
			dependencies = (
			);
			name = "Easy Cryptpo Web Browser";
			productName = "Easy Web Browser";
			productReference = 47A018DE22E6859A0070691C /* Easy Cryptpo Web Browser.app */;
			productType = "com.apple.product-type.application";
		};
/* End PBXNativeTarget section */

/* Begin PBXProject section */
		47A018D622E6859A0070691C /* Project object */ = {
			isa = PBXProject;
			attributes = {
				LastSwiftUpdateCheck = 1020;
				LastUpgradeCheck = 1020;
				ORGANIZATIONNAME = "Jerrick Warren";
				TargetAttributes = {
					47A018DD22E6859A0070691C = {
						CreatedOnToolsVersion = 10.2.1;
					};
				};
			};
			buildConfigurationList = 47A018D922E6859A0070691C /* Build configuration list for PBXProject "Easy Cryptpo Web Browser" */;
			compatibilityVersion = "Xcode 9.3";
			developmentRegion = en;
			hasScannedForEncodings = 0;
			knownRegions = (
				en,
				Base,
			);
			mainGroup = 47A018D522E6859A0070691C;
			productRefGroup = 47A018DF22E6859A0070691C /* Products */;
			projectDirPath = "";
			projectRoot = "";
			targets = (
				47A018DD22E6859A0070691C /* Easy Cryptpo Web Browser */,
			);
		};
/* End PBXProject section */

/* Begin PBXResourcesBuildPhase section */
		47A018DC22E6859A0070691C /* Resources */ = {
			isa = PBXResourcesBuildPhase;
			buildActionMask = 2147483647;
			files = (
				47A018EC22E6859C0070691C /* LaunchScreen.storyboard in Resources */,
				47620E3522E6D2D000B13FEF /* backward.png in Resources */,
				47A018E922E6859C0070691C /* Assets.xcassets in Resources */,
				47A018E722E6859A0070691C /* Main.storyboard in Resources */,
				47620E3422E6D2D000B13FEF /* forward.png in Resources */,
			);
			runOnlyForDeploymentPostprocessing = 0;
		};
/* End PBXResourcesBuildPhase section */

/* Begin PBXSourcesBuildPhase section */
		47A018DA22E6859A0070691C /* Sources */ = {
			isa = PBXSourcesBuildPhase;
			buildActionMask = 2147483647;
			files = (
				47A018E422E6859A0070691C /* ViewController.swift in Sources */,
				47A018E222E6859A0070691C /* AppDelegate.swift in Sources */,
			);
			runOnlyForDeploymentPostprocessing = 0;
		};
/* End PBXSourcesBuildPhase section */

/* Begin PBXVariantGroup section */
		47A018E522E6859A0070691C /* Main.storyboard */ = {
			isa = PBXVariantGroup;
			children = (
				47A018E622E6859A0070691C /* Base */,
			);
			name = Main.storyboard;
			sourceTree = "<group>";
		};
		47A018EA22E6859C0070691C /* LaunchScreen.storyboard */ = {
			isa = PBXVariantGroup;
			children = (
				47A018EB22E6859C0070691C /* Base */,
			);
			name = LaunchScreen.storyboard;
			sourceTree = "<group>";
		};
/* End PBXVariantGroup section */

/* Begin XCBuildConfiguration section */
		47A018EE22E6859C0070691C /* Debug */ = {
			isa = XCBuildConfiguration;
			buildSettings = {
				ALWAYS_SEARCH_USER_PATHS = NO;
				CLANG_ANALYZER_NONNULL = YES;
				CLANG_ANALYZER_NUMBER_OBJECT_CONVERSION = YES_AGGRESSIVE;
				CLANG_CXX_LANGUAGE_STANDARD = "gnu++14";
				CLANG_CXX_LIBRARY = "libc++";
				CLANG_ENABLE_MODULES = YES;
				CLANG_ENABLE_OBJC_ARC = YES;
				CLANG_ENABLE_OBJC_WEAK = YES;
				CLANG_WARN_BLOCK_CAPTURE_AUTORELEASING = YES;
				CLANG_WARN_BOOL_CONVERSION = YES;
				CLANG_WARN_COMMA = YES;
				CLANG_WARN_CONSTANT_CONVERSION = YES;
				CLANG_WARN_DEPRECATED_OBJC_IMPLEMENTATIONS = YES;
				CLANG_WARN_DIRECT_OBJC_ISA_USAGE = YES_ERROR;
				CLANG_WARN_DOCUMENTATION_COMMENTS = YES;
				CLANG_WARN_EMPTY_BODY = YES;
				CLANG_WARN_ENUM_CONVERSION = YES;
				CLANG_WARN_INFINITE_RECURSION = YES;
				CLANG_WARN_INT_CONVERSION = YES;
				CLANG_WARN_NON_LITERAL_NULL_CONVERSION = YES;
				CLANG_WARN_OBJC_IMPLICIT_RETAIN_SELF = YES;
				CLANG_WARN_OBJC_LITERAL_CONVERSION = YES;
				CLANG_WARN_OBJC_ROOT_CLASS = YES_ERROR;
				CLANG_WARN_RANGE_LOOP_ANALYSIS = YES;
				CLANG_WARN_STRICT_PROTOTYPES = YES;
				CLANG_WARN_SUSPICIOUS_MOVE = YES;
				CLANG_WARN_UNGUARDED_AVAILABILITY = YES_AGGRESSIVE;
				CLANG_WARN_UNREACHABLE_CODE = YES;
				CLANG_WARN__DUPLICATE_METHOD_MATCH = YES;
				CODE_SIGN_IDENTITY = "iPhone Developer";
				COPY_PHASE_STRIP = NO;
				DEBUG_INFORMATION_FORMAT = dwarf;
				ENABLE_STRICT_OBJC_MSGSEND = YES;
				ENABLE_TESTABILITY = YES;
				GCC_C_LANGUAGE_STANDARD = gnu11;
				GCC_DYNAMIC_NO_PIC = NO;
				GCC_NO_COMMON_BLOCKS = YES;
				GCC_OPTIMIZATION_LEVEL = 0;
				GCC_PREPROCESSOR_DEFINITIONS = (
					"DEBUG=1",
					"$(inherited)",
				);
				GCC_WARN_64_TO_32_BIT_CONVERSION = YES;
				GCC_WARN_ABOUT_RETURN_TYPE = YES_ERROR;
				GCC_WARN_UNDECLARED_SELECTOR = YES;
				GCC_WARN_UNINITIALIZED_AUTOS = YES_AGGRESSIVE;
				GCC_WARN_UNUSED_FUNCTION = YES;
				GCC_WARN_UNUSED_VARIABLE = YES;
				IPHONEOS_DEPLOYMENT_TARGET = 12.2;
				MTL_ENABLE_DEBUG_INFO = INCLUDE_SOURCE;
				MTL_FAST_MATH = YES;
				ONLY_ACTIVE_ARCH = YES;
				SDKROOT = iphoneos;
				SWIFT_ACTIVE_COMPILATION_CONDITIONS = DEBUG;
				SWIFT_OPTIMIZATION_LEVEL = "-Onone";
			};
			name = Debug;
		};
		47A018EF22E6859C0070691C /* Release */ = {
			isa = XCBuildConfiguration;
			buildSettings = {
				ALWAYS_SEARCH_USER_PATHS = NO;
				CLANG_ANALYZER_NONNULL = YES;
				CLANG_ANALYZER_NUMBER_OBJECT_CONVERSION = YES_AGGRESSIVE;
				CLANG_CXX_LANGUAGE_STANDARD = "gnu++14";
				CLANG_CXX_LIBRARY = "libc++";
				CLANG_ENABLE_MODULES = YES;
				CLANG_ENABLE_OBJC_ARC = YES;
				CLANG_ENABLE_OBJC_WEAK = YES;
				CLANG_WARN_BLOCK_CAPTURE_AUTORELEASING = YES;
				CLANG_WARN_BOOL_CONVERSION = YES;
				CLANG_WARN_COMMA = YES;
				CLANG_WARN_CONSTANT_CONVERSION = YES;
				CLANG_WARN_DEPRECATED_OBJC_IMPLEMENTATIONS = YES;
				CLANG_WARN_DIRECT_OBJC_ISA_USAGE = YES_ERROR;
				CLANG_WARN_DOCUMENTATION_COMMENTS = YES;
				CLANG_WARN_EMPTY_BODY = YES;
				CLANG_WARN_ENUM_CONVERSION = YES;
				CLANG_WARN_INFINITE_RECURSION = YES;
				CLANG_WARN_INT_CONVERSION = YES;
				CLANG_WARN_NON_LITERAL_NULL_CONVERSION = YES;
				CLANG_WARN_OBJC_IMPLICIT_RETAIN_SELF = YES;
				CLANG_WARN_OBJC_LITERAL_CONVERSION = YES;
				CLANG_WARN_OBJC_ROOT_CLASS = YES_ERROR;
				CLANG_WARN_RANGE_LOOP_ANALYSIS = YES;
				CLANG_WARN_STRICT_PROTOTYPES = YES;
				CLANG_WARN_SUSPICIOUS_MOVE = YES;
				CLANG_WARN_UNGUARDED_AVAILABILITY = YES_AGGRESSIVE;
				CLANG_WARN_UNREACHABLE_CODE = YES;
				CLANG_WARN__DUPLICATE_METHOD_MATCH = YES;
				CODE_SIGN_IDENTITY = "iPhone Developer";
				COPY_PHASE_STRIP = NO;
				DEBUG_INFORMATION_FORMAT = "dwarf-with-dsym";
				ENABLE_NS_ASSERTIONS = NO;
				ENABLE_STRICT_OBJC_MSGSEND = YES;
				GCC_C_LANGUAGE_STANDARD = gnu11;
				GCC_NO_COMMON_BLOCKS = YES;
				GCC_WARN_64_TO_32_BIT_CONVERSION = YES;
				GCC_WARN_ABOUT_RETURN_TYPE = YES_ERROR;
				GCC_WARN_UNDECLARED_SELECTOR = YES;
				GCC_WARN_UNINITIALIZED_AUTOS = YES_AGGRESSIVE;
				GCC_WARN_UNUSED_FUNCTION = YES;
				GCC_WARN_UNUSED_VARIABLE = YES;
				IPHONEOS_DEPLOYMENT_TARGET = 12.2;
				MTL_ENABLE_DEBUG_INFO = NO;
				MTL_FAST_MATH = YES;
				SDKROOT = iphoneos;
				SWIFT_COMPILATION_MODE = wholemodule;
				SWIFT_OPTIMIZATION_LEVEL = "-O";
				VALIDATE_PRODUCT = YES;
			};
			name = Release;
		};
		47A018F122E6859C0070691C /* Debug */ = {
			isa = XCBuildConfiguration;
			buildSettings = {
				ASSETCATALOG_COMPILER_APPICON_NAME = AppIcon;
				CODE_SIGN_STYLE = Automatic;
				DEVELOPMENT_TEAM = 7JG93VFG2G;
				INFOPLIST_FILE = "$(SRCROOT)/Easy Crypto Web Browser/Info.plist";
				LD_RUNPATH_SEARCH_PATHS = (
					"$(inherited)",
					"@executable_path/Frameworks",
				);
				PRODUCT_BUNDLE_IDENTIFIER = "com.jerrickwarren.Easy-Crypto-Web-Browser";
				PRODUCT_NAME = "$(TARGET_NAME)";
				SWIFT_VERSION = 5.0;
				TARGETED_DEVICE_FAMILY = "1,2";
			};
			name = Debug;
		};
		47A018F222E6859C0070691C /* Release */ = {
			isa = XCBuildConfiguration;
			buildSettings = {
				ASSETCATALOG_COMPILER_APPICON_NAME = AppIcon;
				CODE_SIGN_STYLE = Automatic;
				DEVELOPMENT_TEAM = 7JG93VFG2G;
				INFOPLIST_FILE = "$(SRCROOT)/Easy Crypto Web Browser/Info.plist";
				LD_RUNPATH_SEARCH_PATHS = (
					"$(inherited)",
					"@executable_path/Frameworks",
				);
				PRODUCT_BUNDLE_IDENTIFIER = "com.jerrickwarren.Easy-Crypto-Web-Browser";
				PRODUCT_NAME = "$(TARGET_NAME)";
				SWIFT_VERSION = 5.0;
				TARGETED_DEVICE_FAMILY = "1,2";
			};
			name = Release;
		};
/* End XCBuildConfiguration section */

/* Begin XCConfigurationList section */
		47A018D922E6859A0070691C /* Build configuration list for PBXProject "Easy Cryptpo Web Browser" */ = {
			isa = XCConfigurationList;
			buildConfigurations = (
				47A018EE22E6859C0070691C /* Debug */,
				47A018EF22E6859C0070691C /* Release */,
			);
			defaultConfigurationIsVisible = 0;
			defaultConfigurationName = Release;
		};
		47A018F022E6859C0070691C /* Build configuration list for PBXNativeTarget "Easy Cryptpo Web Browser" */ = {
			isa = XCConfigurationList;
			buildConfigurations = (
				47A018F122E6859C0070691C /* Debug */,
				47A018F222E6859C0070691C /* Release */,
			);
			defaultConfigurationIsVisible = 0;
			defaultConfigurationName = Release;
		};
/* End XCConfigurationList section */
	};
	rootObject = 47A018D622E6859A0070691C /* Project object */;
}
